
Microsoft Visual Studio Solution File, Format Version 12.00
# Visual Studio Version 16
VisualStudioVersion = 16.0.29613.14
MinimumVisualStudioVersion = 10.0.40219.1
Project("{9A19103F-16F7-4668-BE54-9A1E7A4F7556}") = "PSVClassLibrary", "PSVClassLibrary\PSVClassLibrary.csproj", "{D104DA77-F9A7-4B83-9BD5-C111C74AACF5}"
EndProject
Project("{FAE04EC0-301F-11D3-BF4B-00C04F79EFBC}") = "TestApp", "TestApp\TestApp.csproj", "{2B273363-E967-4DDC-90AD-452517492EE6}"
EndProject
Global
	GlobalSection(SolutionConfigurationPlatforms) = preSolution
		Debug|Any CPU = Debug|Any CPU
		Release|Any CPU = Release|Any CPU
	EndGlobalSection
	GlobalSection(ProjectConfigurationPlatforms) = postSolution
		{D104DA77-F9A7-4B83-9BD5-C111C74AACF5}.Debug|Any CPU.ActiveCfg = Debug|Any CPU
		{D104DA77-F9A7-4B83-9BD5-C111C74AACF5}.Debug|Any CPU.Build.0 = Debug|Any CPU
		{D104DA77-F9A7-4B83-9BD5-C111C74AACF5}.Release|Any CPU.ActiveCfg = Release|Any CPU
		{D104DA77-F9A7-4B83-9BD5-C111C74AACF5}.Release|Any CPU.Build.0 = Release|Any CPU
		{2B273363-E967-4DDC-90AD-452517492EE6}.Debug|Any CPU.ActiveCfg = Debug|Any CPU
		{2B273363-E967-4DDC-90AD-452517492EE6}.Debug|Any CPU.Build.0 = Debug|Any CPU
		{2B273363-E967-4DDC-90AD-452517492EE6}.Release|Any CPU.ActiveCfg = Release|Any CPU
		{2B273363-E967-4DDC-90AD-452517492EE6}.Release|Any CPU.Build.0 = Release|Any CPU
	EndGlobalSection
	GlobalSection(SolutionProperties) = preSolution
		HideSolutionNode = FALSE
	EndGlobalSection
	GlobalSection(ExtensibilityGlobals) = postSolution
		SolutionGuid = {E7358068-79C0-4CFA-B744-47159DDEC333}
	EndGlobalSection
EndGlobal
